
Microsoft Visual Studio Solution File, Format Version 12.00
# Visual Studio 15
VisualStudioVersion = 15.0.28307.1927
MinimumVisualStudioVersion = 10.0.40219.1
Project("{FAE04EC0-301F-11D3-BF4B-00C04F79EFBC}") = "MovieSystem", "MovieSystem\MovieSystem.csproj", "{92FBAC27-33DB-4D39-B48A-869630ECBC33}"
EndProject
Global
	GlobalSection(SolutionConfigurationPlatforms) = preSolution
		Debug|Any CPU = Debug|Any CPU
		Release|Any CPU = Release|Any CPU
	EndGlobalSection
	GlobalSection(ProjectConfigurationPlatforms) = postSolution
		{92FBAC27-33DB-4D39-B48A-869630ECBC33}.Debug|Any CPU.ActiveCfg = Debug|Any CPU
		{92FBAC27-33DB-4D39-B48A-869630ECBC33}.Debug|Any CPU.Build.0 = Debug|Any CPU
		{92FBAC27-33DB-4D39-B48A-869630ECBC33}.Release|Any CPU.ActiveCfg = Release|Any CPU
		{92FBAC27-33DB-4D39-B48A-869630ECBC33}.Release|Any CPU.Build.0 = Release|Any CPU
	EndGlobalSection
	GlobalSection(SolutionProperties) = preSolution
		HideSolutionNode = FALSE
	EndGlobalSection
	GlobalSection(ExtensibilityGlobals) = postSolution
		SolutionGuid = {5C85A782-E19C-4989-8F1F-0EBC42361504}
	EndGlobalSection
EndGlobal
